
Microsoft Visual Studio Solution File, Format Version 12.00
# Visual Studio Version 16
VisualStudioVersion = 16.0.30907.101
MinimumVisualStudioVersion = 10.0.40219.1
Project("{8BC9CEB8-8B4A-11D0-8D11-00A0C91BC942}") = "xyz.client.final", "xyz.client.final\xyz.client.final.vcxproj", "{0E825E49-FF49-4A61-BA5C-872F8115E4D8}"
EndProject
Global
	GlobalSection(SolutionConfigurationPlatforms) = preSolution
		Debug|x64 = Debug|x64
		Debug|x86 = Debug|x86
		Release|x64 = Release|x64
		Release|x86 = Release|x86
	EndGlobalSection
	GlobalSection(ProjectConfigurationPlatforms) = postSolution
		{0E825E49-FF49-4A61-BA5C-872F8115E4D8}.Debug|x64.ActiveCfg = Debug|x64
		{0E825E49-FF49-4A61-BA5C-872F8115E4D8}.Debug|x64.Build.0 = Debug|x64
		{0E825E49-FF49-4A61-BA5C-872F8115E4D8}.Debug|x86.ActiveCfg = Debug|Win32
		{0E825E49-FF49-4A61-BA5C-872F8115E4D8}.Debug|x86.Build.0 = Debug|Win32
		{0E825E49-FF49-4A61-BA5C-872F8115E4D8}.Release|x64.ActiveCfg = Release|x64
		{0E825E49-FF49-4A61-BA5C-872F8115E4D8}.Release|x64.Build.0 = Release|x64
		{0E825E49-FF49-4A61-BA5C-872F8115E4D8}.Release|x86.ActiveCfg = Release|Win32
		{0E825E49-FF49-4A61-BA5C-872F8115E4D8}.Release|x86.Build.0 = Release|Win32
	EndGlobalSection
	GlobalSection(SolutionProperties) = preSolution
		HideSolutionNode = FALSE
	EndGlobalSection
	GlobalSection(ExtensibilityGlobals) = postSolution
		SolutionGuid = {7C9AE6E1-B00A-4A8A-B8F9-9A28ABF8B514}
	EndGlobalSection
EndGlobal
